// !$*UTF8*$!
{
	archiveVersion = 1;
	classes = {
	};
	objectVersion = 56;
	objects = {

/* Begin PBXBuildFile section */
		03C6AB482A23C1B100D28C26 /* TodoListApp.swift in Sources */ = {isa = PBXBuildFile; fileRef = 03C6AB472A23C1B100D28C26 /* TodoListApp.swift */; };
		03C6AB4A2A23C1B100D28C26 /* ShowAllTasks.swift in Sources */ = {isa = PBXBuildFile; fileRef = 03C6AB492A23C1B100D28C26 /* ShowAllTasks.swift */; };
		03C6AB4C2A23C1B200D28C26 /* Assets.xcassets in Resources */ = {isa = PBXBuildFile; fileRef = 03C6AB4B2A23C1B200D28C26 /* Assets.xcassets */; };
		03C6AB4F2A23C1B200D28C26 /* Preview Assets.xcassets in Resources */ = {isa = PBXBuildFile; fileRef = 03C6AB4E2A23C1B200D28C26 /* Preview Assets.xcassets */; };
		03C6AB512A23C1B200D28C26 /* Persistence.swift in Sources */ = {isa = PBXBuildFile; fileRef = 03C6AB502A23C1B200D28C26 /* Persistence.swift */; };
		03C6AB542A23C1B200D28C26 /* TodoList.xcdatamodeld in Sources */ = {isa = PBXBuildFile; fileRef = 03C6AB522A23C1B200D28C26 /* TodoList.xcdatamodeld */; };
		03C6AB5E2A23C1B200D28C26 /* TodoListTests.swift in Sources */ = {isa = PBXBuildFile; fileRef = 03C6AB5D2A23C1B200D28C26 /* TodoListTests.swift */; };
		03C6AB682A23C1B200D28C26 /* TodoListUITests.swift in Sources */ = {isa = PBXBuildFile; fileRef = 03C6AB672A23C1B200D28C26 /* TodoListUITests.swift */; };
		03C6AB6A2A23C1B200D28C26 /* TodoListUITestsLaunchTests.swift in Sources */ = {isa = PBXBuildFile; fileRef = 03C6AB692A23C1B200D28C26 /* TodoListUITestsLaunchTests.swift */; };
		03C6AB782A23C37100D28C26 /* Checkbox.swift in Sources */ = {isa = PBXBuildFile; fileRef = 03C6AB772A23C37100D28C26 /* Checkbox.swift */; };
		03C6AB7A2A24C65800D28C26 /* CheckableCell.swift in Sources */ = {isa = PBXBuildFile; fileRef = 03C6AB792A24C65800D28C26 /* CheckableCell.swift */; };
		03C6AB802A24CA5400D28C26 /* ShowAllTasksViewModel.swift in Sources */ = {isa = PBXBuildFile; fileRef = 03C6AB7F2A24CA5400D28C26 /* ShowAllTasksViewModel.swift */; };
		03C6AB832A24CA7700D28C26 /* TodoTask.swift in Sources */ = {isa = PBXBuildFile; fileRef = 03C6AB822A24CA7700D28C26 /* TodoTask.swift */; };
		03C6AB882A24DA7D00D28C26 /* TodoSection.swift in Sources */ = {isa = PBXBuildFile; fileRef = 03C6AB872A24DA7D00D28C26 /* TodoSection.swift */; };
		03C6AB942A24E88000D28C26 /* AddTask.swift in Sources */ = {isa = PBXBuildFile; fileRef = 03C6AB932A24E88000D28C26 /* AddTask.swift */; };
		03C6AB982A24F1D700D28C26 /* AddTaskViewModel.swift in Sources */ = {isa = PBXBuildFile; fileRef = 03C6AB972A24F1D700D28C26 /* AddTaskViewModel.swift */; };
/* End PBXBuildFile section */

/* Begin PBXContainerItemProxy section */
		03C6AB5A2A23C1B200D28C26 /* PBXContainerItemProxy */ = {
			isa = PBXContainerItemProxy;
			containerPortal = 03C6AB3C2A23C1B100D28C26 /* Project object */;
			proxyType = 1;
			remoteGlobalIDString = 03C6AB432A23C1B100D28C26;
			remoteInfo = TodoList;
		};
		03C6AB642A23C1B200D28C26 /* PBXContainerItemProxy */ = {
			isa = PBXContainerItemProxy;
			containerPortal = 03C6AB3C2A23C1B100D28C26 /* Project object */;
			proxyType = 1;
			remoteGlobalIDString = 03C6AB432A23C1B100D28C26;
			remoteInfo = TodoList;
		};
/* End PBXContainerItemProxy section */

/* Begin PBXFileReference section */
		03C6AB442A23C1B100D28C26 /* TodoList.app */ = {isa = PBXFileReference; explicitFileType = wrapper.application; includeInIndex = 0; path = TodoList.app; sourceTree = BUILT_PRODUCTS_DIR; };
		03C6AB472A23C1B100D28C26 /* TodoListApp.swift */ = {isa = PBXFileReference; lastKnownFileType = sourcecode.swift; path = TodoListApp.swift; sourceTree = "<group>"; };
		03C6AB492A23C1B100D28C26 /* ShowAllTasks.swift */ = {isa = PBXFileReference; lastKnownFileType = sourcecode.swift; path = ShowAllTasks.swift; sourceTree = "<group>"; };
		03C6AB4B2A23C1B200D28C26 /* Assets.xcassets */ = {isa = PBXFileReference; lastKnownFileType = folder.assetcatalog; path = Assets.xcassets; sourceTree = "<group>"; };
		03C6AB4E2A23C1B200D28C26 /* Preview Assets.xcassets */ = {isa = PBXFileReference; lastKnownFileType = folder.assetcatalog; path = "Preview Assets.xcassets"; sourceTree = "<group>"; };
		03C6AB502A23C1B200D28C26 /* Persistence.swift */ = {isa = PBXFileReference; lastKnownFileType = sourcecode.swift; path = Persistence.swift; sourceTree = "<group>"; };
		03C6AB532A23C1B200D28C26 /* TodoList.xcdatamodel */ = {isa = PBXFileReference; lastKnownFileType = wrapper.xcdatamodel; path = TodoList.xcdatamodel; sourceTree = "<group>"; };
		03C6AB592A23C1B200D28C26 /* TodoListTests.xctest */ = {isa = PBXFileReference; explicitFileType = wrapper.cfbundle; includeInIndex = 0; path = TodoListTests.xctest; sourceTree = BUILT_PRODUCTS_DIR; };
		03C6AB5D2A23C1B200D28C26 /* TodoListTests.swift */ = {isa = PBXFileReference; lastKnownFileType = sourcecode.swift; path = TodoListTests.swift; sourceTree = "<group>"; };
		03C6AB632A23C1B200D28C26 /* TodoListUITests.xctest */ = {isa = PBXFileReference; explicitFileType = wrapper.cfbundle; includeInIndex = 0; path = TodoListUITests.xctest; sourceTree = BUILT_PRODUCTS_DIR; };
		03C6AB672A23C1B200D28C26 /* TodoListUITests.swift */ = {isa = PBXFileReference; lastKnownFileType = sourcecode.swift; path = TodoListUITests.swift; sourceTree = "<group>"; };
		03C6AB692A23C1B200D28C26 /* TodoListUITestsLaunchTests.swift */ = {isa = PBXFileReference; lastKnownFileType = sourcecode.swift; path = TodoListUITestsLaunchTests.swift; sourceTree = "<group>"; };
		03C6AB772A23C37100D28C26 /* Checkbox.swift */ = {isa = PBXFileReference; lastKnownFileType = sourcecode.swift; path = Checkbox.swift; sourceTree = "<group>"; };
		03C6AB792A24C65800D28C26 /* CheckableCell.swift */ = {isa = PBXFileReference; lastKnownFileType = sourcecode.swift; path = CheckableCell.swift; sourceTree = "<group>"; };
		03C6AB7F2A24CA5400D28C26 /* ShowAllTasksViewModel.swift */ = {isa = PBXFileReference; lastKnownFileType = sourcecode.swift; path = ShowAllTasksViewModel.swift; sourceTree = "<group>"; };
		03C6AB822A24CA7700D28C26 /* TodoTask.swift */ = {isa = PBXFileReference; lastKnownFileType = sourcecode.swift; path = TodoTask.swift; sourceTree = "<group>"; };
		03C6AB872A24DA7D00D28C26 /* TodoSection.swift */ = {isa = PBXFileReference; lastKnownFileType = sourcecode.swift; path = TodoSection.swift; sourceTree = "<group>"; };
		03C6AB932A24E88000D28C26 /* AddTask.swift */ = {isa = PBXFileReference; fileEncoding = 4; lastKnownFileType = sourcecode.swift; path = AddTask.swift; sourceTree = "<group>"; };
		03C6AB972A24F1D700D28C26 /* AddTaskViewModel.swift */ = {isa = PBXFileReference; lastKnownFileType = sourcecode.swift; path = AddTaskViewModel.swift; sourceTree = "<group>"; };
/* End PBXFileReference section */

/* Begin PBXFrameworksBuildPhase section */
		03C6AB412A23C1B100D28C26 /* Frameworks */ = {
			isa = PBXFrameworksBuildPhase;
			buildActionMask = 2147483647;
			files = (
			);
			runOnlyForDeploymentPostprocessing = 0;
		};
		03C6AB562A23C1B200D28C26 /* Frameworks */ = {
			isa = PBXFrameworksBuildPhase;
			buildActionMask = 2147483647;
			files = (
			);
			runOnlyForDeploymentPostprocessing = 0;
		};
		03C6AB602A23C1B200D28C26 /* Frameworks */ = {
			isa = PBXFrameworksBuildPhase;
			buildActionMask = 2147483647;
			files = (
			);
			runOnlyForDeploymentPostprocessing = 0;
		};
/* End PBXFrameworksBuildPhase section */

/* Begin PBXGroup section */
		03C6AB3B2A23C1B100D28C26 = {
			isa = PBXGroup;
			children = (
				03C6AB462A23C1B100D28C26 /* TodoList */,
				03C6AB5C2A23C1B200D28C26 /* TodoListTests */,
				03C6AB662A23C1B200D28C26 /* TodoListUITests */,
				03C6AB452A23C1B100D28C26 /* Products */,
			);
			sourceTree = "<group>";
		};
		03C6AB452A23C1B100D28C26 /* Products */ = {
			isa = PBXGroup;
			children = (
				03C6AB442A23C1B100D28C26 /* TodoList.app */,
				03C6AB592A23C1B200D28C26 /* TodoListTests.xctest */,
				03C6AB632A23C1B200D28C26 /* TodoListUITests.xctest */,
			);
			name = Products;
			sourceTree = "<group>";
		};
		03C6AB462A23C1B100D28C26 /* TodoList */ = {
			isa = PBXGroup;
			children = (
				03C6AB812A24CA6700D28C26 /* Models */,
				03C6AB7B2A24C9F900D28C26 /* Scenes */,
				03C6AB762A23C35A00D28C26 /* UIComponents */,
				03C6AB472A23C1B100D28C26 /* TodoListApp.swift */,
				03C6AB4B2A23C1B200D28C26 /* Assets.xcassets */,
				03C6AB502A23C1B200D28C26 /* Persistence.swift */,
				03C6AB522A23C1B200D28C26 /* TodoList.xcdatamodeld */,
				03C6AB4D2A23C1B200D28C26 /* Preview Content */,
			);
			path = TodoList;
			sourceTree = "<group>";
		};
		03C6AB4D2A23C1B200D28C26 /* Preview Content */ = {
			isa = PBXGroup;
			children = (
				03C6AB4E2A23C1B200D28C26 /* Preview Assets.xcassets */,
			);
			path = "Preview Content";
			sourceTree = "<group>";
		};
		03C6AB5C2A23C1B200D28C26 /* TodoListTests */ = {
			isa = PBXGroup;
			children = (
				03C6AB5D2A23C1B200D28C26 /* TodoListTests.swift */,
			);
			path = TodoListTests;
			sourceTree = "<group>";
		};
		03C6AB662A23C1B200D28C26 /* TodoListUITests */ = {
			isa = PBXGroup;
			children = (
				03C6AB672A23C1B200D28C26 /* TodoListUITests.swift */,
				03C6AB692A23C1B200D28C26 /* TodoListUITestsLaunchTests.swift */,
			);
			path = TodoListUITests;
			sourceTree = "<group>";
		};
		03C6AB762A23C35A00D28C26 /* UIComponents */ = {
			isa = PBXGroup;
			children = (
				03C6AB772A23C37100D28C26 /* Checkbox.swift */,
				03C6AB792A24C65800D28C26 /* CheckableCell.swift */,
			);
			path = UIComponents;
			sourceTree = "<group>";
		};
		03C6AB7B2A24C9F900D28C26 /* Scenes */ = {
			isa = PBXGroup;
			children = (
				03C6AB8B2A24E73600D28C26 /* AddTask */,
				03C6AB7C2A24CA1B00D28C26 /* ShowAllTasks */,
			);
			path = Scenes;
			sourceTree = "<group>";
		};
		03C6AB7C2A24CA1B00D28C26 /* ShowAllTasks */ = {
			isa = PBXGroup;
			children = (
				03C6AB842A24DA6200D28C26 /* Subviews */,
				03C6AB7E2A24CA3500D28C26 /* ViewModel */,
				03C6AB7D2A24CA2F00D28C26 /* View */,
			);
			path = ShowAllTasks;
			sourceTree = "<group>";
		};
		03C6AB7D2A24CA2F00D28C26 /* View */ = {
			isa = PBXGroup;
			children = (
				03C6AB492A23C1B100D28C26 /* ShowAllTasks.swift */,
			);
			path = View;
			sourceTree = "<group>";
		};
		03C6AB7E2A24CA3500D28C26 /* ViewModel */ = {
			isa = PBXGroup;
			children = (
				03C6AB7F2A24CA5400D28C26 /* ShowAllTasksViewModel.swift */,
			);
			path = ViewModel;
			sourceTree = "<group>";
		};
		03C6AB812A24CA6700D28C26 /* Models */ = {
			isa = PBXGroup;
			children = (
				03C6AB822A24CA7700D28C26 /* TodoTask.swift */,
			);
			path = Models;
			sourceTree = "<group>";
		};
		03C6AB842A24DA6200D28C26 /* Subviews */ = {
			isa = PBXGroup;
			children = (
				03C6AB872A24DA7D00D28C26 /* TodoSection.swift */,
			);
			path = Subviews;
			sourceTree = "<group>";
		};
		03C6AB8B2A24E73600D28C26 /* AddTask */ = {
			isa = PBXGroup;
			children = (
				03C6AB8F2A24E75100D28C26 /* ViewModel */,
				03C6AB8E2A24E74800D28C26 /* View */,
			);
			path = AddTask;
			sourceTree = "<group>";
		};
		03C6AB8E2A24E74800D28C26 /* View */ = {
			isa = PBXGroup;
			children = (
				03C6AB932A24E88000D28C26 /* AddTask.swift */,
			);
			path = View;
			sourceTree = "<group>";
		};
		03C6AB8F2A24E75100D28C26 /* ViewModel */ = {
			isa = PBXGroup;
			children = (
				03C6AB972A24F1D700D28C26 /* AddTaskViewModel.swift */,
			);
			path = ViewModel;
			sourceTree = "<group>";
		};
/* End PBXGroup section */

/* Begin PBXNativeTarget section */
		03C6AB432A23C1B100D28C26 /* TodoList */ = {
			isa = PBXNativeTarget;
			buildConfigurationList = 03C6AB6D2A23C1B200D28C26 /* Build configuration list for PBXNativeTarget "TodoList" */;
			buildPhases = (
				03C6AB402A23C1B100D28C26 /* Sources */,
				03C6AB412A23C1B100D28C26 /* Frameworks */,
				03C6AB422A23C1B100D28C26 /* Resources */,
			);
			buildRules = (
			);
			dependencies = (
			);
			name = TodoList;
			productName = TodoList;
			productReference = 03C6AB442A23C1B100D28C26 /* TodoList.app */;
			productType = "com.apple.product-type.application";
		};
		03C6AB582A23C1B200D28C26 /* TodoListTests */ = {
			isa = PBXNativeTarget;
			buildConfigurationList = 03C6AB702A23C1B200D28C26 /* Build configuration list for PBXNativeTarget "TodoListTests" */;
			buildPhases = (
				03C6AB552A23C1B200D28C26 /* Sources */,
				03C6AB562A23C1B200D28C26 /* Frameworks */,
				03C6AB572A23C1B200D28C26 /* Resources */,
			);
			buildRules = (
			);
			dependencies = (
				03C6AB5B2A23C1B200D28C26 /* PBXTargetDependency */,
			);
			name = TodoListTests;
			productName = TodoListTests;
			productReference = 03C6AB592A23C1B200D28C26 /* TodoListTests.xctest */;
			productType = "com.apple.product-type.bundle.unit-test";
		};
		03C6AB622A23C1B200D28C26 /* TodoListUITests */ = {
			isa = PBXNativeTarget;
			buildConfigurationList = 03C6AB732A23C1B200D28C26 /* Build configuration list for PBXNativeTarget "TodoListUITests" */;
			buildPhases = (
				03C6AB5F2A23C1B200D28C26 /* Sources */,
				03C6AB602A23C1B200D28C26 /* Frameworks */,
				03C6AB612A23C1B200D28C26 /* Resources */,
			);
			buildRules = (
			);
			dependencies = (
				03C6AB652A23C1B200D28C26 /* PBXTargetDependency */,
			);
			name = TodoListUITests;
			productName = TodoListUITests;
			productReference = 03C6AB632A23C1B200D28C26 /* TodoListUITests.xctest */;
			productType = "com.apple.product-type.bundle.ui-testing";
		};
/* End PBXNativeTarget section */

/* Begin PBXProject section */
		03C6AB3C2A23C1B100D28C26 /* Project object */ = {
			isa = PBXProject;
			attributes = {
				BuildIndependentTargetsInParallel = 1;
				LastSwiftUpdateCheck = 1430;
				LastUpgradeCheck = 1430;
				TargetAttributes = {
					03C6AB432A23C1B100D28C26 = {
						CreatedOnToolsVersion = 14.3;
					};
					03C6AB582A23C1B200D28C26 = {
						CreatedOnToolsVersion = 14.3;
						TestTargetID = 03C6AB432A23C1B100D28C26;
					};
					03C6AB622A23C1B200D28C26 = {
						CreatedOnToolsVersion = 14.3;
						TestTargetID = 03C6AB432A23C1B100D28C26;
					};
				};
			};
			buildConfigurationList = 03C6AB3F2A23C1B100D28C26 /* Build configuration list for PBXProject "TodoList" */;
			compatibilityVersion = "Xcode 14.0";
			developmentRegion = en;
			hasScannedForEncodings = 0;
			knownRegions = (
				en,
				Base,
			);
			mainGroup = 03C6AB3B2A23C1B100D28C26;
			productRefGroup = 03C6AB452A23C1B100D28C26 /* Products */;
			projectDirPath = "";
			projectRoot = "";
			targets = (
				03C6AB432A23C1B100D28C26 /* TodoList */,
				03C6AB582A23C1B200D28C26 /* TodoListTests */,
				03C6AB622A23C1B200D28C26 /* TodoListUITests */,
			);
		};
/* End PBXProject section */

/* Begin PBXResourcesBuildPhase section */
		03C6AB422A23C1B100D28C26 /* Resources */ = {
			isa = PBXResourcesBuildPhase;
			buildActionMask = 2147483647;
			files = (
				03C6AB4F2A23C1B200D28C26 /* Preview Assets.xcassets in Resources */,
				03C6AB4C2A23C1B200D28C26 /* Assets.xcassets in Resources */,
			);
			runOnlyForDeploymentPostprocessing = 0;
		};
		03C6AB572A23C1B200D28C26 /* Resources */ = {
			isa = PBXResourcesBuildPhase;
			buildActionMask = 2147483647;
			files = (
			);
			runOnlyForDeploymentPostprocessing = 0;
		};
		03C6AB612A23C1B200D28C26 /* Resources */ = {
			isa = PBXResourcesBuildPhase;
			buildActionMask = 2147483647;
			files = (
			);
			runOnlyForDeploymentPostprocessing = 0;
		};
/* End PBXResourcesBuildPhase section */

/* Begin PBXSourcesBuildPhase section */
		03C6AB402A23C1B100D28C26 /* Sources */ = {
			isa = PBXSourcesBuildPhase;
			buildActionMask = 2147483647;
			files = (
				03C6AB7A2A24C65800D28C26 /* CheckableCell.swift in Sources */,
				03C6AB982A24F1D700D28C26 /* AddTaskViewModel.swift in Sources */,
				03C6AB882A24DA7D00D28C26 /* TodoSection.swift in Sources */,
				03C6AB512A23C1B200D28C26 /* Persistence.swift in Sources */,
				03C6AB832A24CA7700D28C26 /* TodoTask.swift in Sources */,
				03C6AB4A2A23C1B100D28C26 /* ShowAllTasks.swift in Sources */,
				03C6AB482A23C1B100D28C26 /* TodoListApp.swift in Sources */,
				03C6AB942A24E88000D28C26 /* AddTask.swift in Sources */,
				03C6AB542A23C1B200D28C26 /* TodoList.xcdatamodeld in Sources */,
				03C6AB802A24CA5400D28C26 /* ShowAllTasksViewModel.swift in Sources */,
				03C6AB782A23C37100D28C26 /* Checkbox.swift in Sources */,
			);
			runOnlyForDeploymentPostprocessing = 0;
		};
		03C6AB552A23C1B200D28C26 /* Sources */ = {
			isa = PBXSourcesBuildPhase;
			buildActionMask = 2147483647;
			files = (
				03C6AB5E2A23C1B200D28C26 /* TodoListTests.swift in Sources */,
			);
			runOnlyForDeploymentPostprocessing = 0;
		};
		03C6AB5F2A23C1B200D28C26 /* Sources */ = {
			isa = PBXSourcesBuildPhase;
			buildActionMask = 2147483647;
			files = (
				03C6AB6A2A23C1B200D28C26 /* TodoListUITestsLaunchTests.swift in Sources */,
				03C6AB682A23C1B200D28C26 /* TodoListUITests.swift in Sources */,
			);
			runOnlyForDeploymentPostprocessing = 0;
		};
/* End PBXSourcesBuildPhase section */

/* Begin PBXTargetDependency section */
		03C6AB5B2A23C1B200D28C26 /* PBXTargetDependency */ = {
			isa = PBXTargetDependency;
			target = 03C6AB432A23C1B100D28C26 /* TodoList */;
			targetProxy = 03C6AB5A2A23C1B200D28C26 /* PBXContainerItemProxy */;
		};
		03C6AB652A23C1B200D28C26 /* PBXTargetDependency */ = {
			isa = PBXTargetDependency;
			target = 03C6AB432A23C1B100D28C26 /* TodoList */;
			targetProxy = 03C6AB642A23C1B200D28C26 /* PBXContainerItemProxy */;
		};
/* End PBXTargetDependency section */

/* Begin XCBuildConfiguration section */
		03C6AB6B2A23C1B200D28C26 /* Debug */ = {
			isa = XCBuildConfiguration;
			buildSettings = {
				ALWAYS_SEARCH_USER_PATHS = NO;
				CLANG_ANALYZER_NONNULL = YES;
				CLANG_ANALYZER_NUMBER_OBJECT_CONVERSION = YES_AGGRESSIVE;
				CLANG_CXX_LANGUAGE_STANDARD = "gnu++20";
				CLANG_ENABLE_MODULES = YES;
				CLANG_ENABLE_OBJC_ARC = YES;
				CLANG_ENABLE_OBJC_WEAK = YES;
				CLANG_WARN_BLOCK_CAPTURE_AUTORELEASING = YES;
				CLANG_WARN_BOOL_CONVERSION = YES;
				CLANG_WARN_COMMA = YES;
				CLANG_WARN_CONSTANT_CONVERSION = YES;
				CLANG_WARN_DEPRECATED_OBJC_IMPLEMENTATIONS = YES;
				CLANG_WARN_DIRECT_OBJC_ISA_USAGE = YES_ERROR;
				CLANG_WARN_DOCUMENTATION_COMMENTS = YES;
				CLANG_WARN_EMPTY_BODY = YES;
				CLANG_WARN_ENUM_CONVERSION = YES;
				CLANG_WARN_INFINITE_RECURSION = YES;
				CLANG_WARN_INT_CONVERSION = YES;
				CLANG_WARN_NON_LITERAL_NULL_CONVERSION = YES;
				CLANG_WARN_OBJC_IMPLICIT_RETAIN_SELF = YES;
				CLANG_WARN_OBJC_LITERAL_CONVERSION = YES;
				CLANG_WARN_OBJC_ROOT_CLASS = YES_ERROR;
				CLANG_WARN_QUOTED_INCLUDE_IN_FRAMEWORK_HEADER = YES;
				CLANG_WARN_RANGE_LOOP_ANALYSIS = YES;
				CLANG_WARN_STRICT_PROTOTYPES = YES;
				CLANG_WARN_SUSPICIOUS_MOVE = YES;
				CLANG_WARN_UNGUARDED_AVAILABILITY = YES_AGGRESSIVE;
				CLANG_WARN_UNREACHABLE_CODE = YES;
				CLANG_WARN__DUPLICATE_METHOD_MATCH = YES;
				COPY_PHASE_STRIP = NO;
				DEBUG_INFORMATION_FORMAT = dwarf;
				ENABLE_STRICT_OBJC_MSGSEND = YES;
				ENABLE_TESTABILITY = YES;
				GCC_C_LANGUAGE_STANDARD = gnu11;
				GCC_DYNAMIC_NO_PIC = NO;
				GCC_NO_COMMON_BLOCKS = YES;
				GCC_OPTIMIZATION_LEVEL = 0;
				GCC_PREPROCESSOR_DEFINITIONS = (
					"DEBUG=1",
					"$(inherited)",
				);
				GCC_WARN_64_TO_32_BIT_CONVERSION = YES;
				GCC_WARN_ABOUT_RETURN_TYPE = YES_ERROR;
				GCC_WARN_UNDECLARED_SELECTOR = YES;
				GCC_WARN_UNINITIALIZED_AUTOS = YES_AGGRESSIVE;
				GCC_WARN_UNUSED_FUNCTION = YES;
				GCC_WARN_UNUSED_VARIABLE = YES;
				IPHONEOS_DEPLOYMENT_TARGET = 16.4;
				MTL_ENABLE_DEBUG_INFO = INCLUDE_SOURCE;
				MTL_FAST_MATH = YES;
				ONLY_ACTIVE_ARCH = YES;
				SDKROOT = iphoneos;
				SWIFT_ACTIVE_COMPILATION_CONDITIONS = DEBUG;
				SWIFT_OPTIMIZATION_LEVEL = "-Onone";
			};
			name = Debug;
		};
		03C6AB6C2A23C1B200D28C26 /* Release */ = {
			isa = XCBuildConfiguration;
			buildSettings = {
				ALWAYS_SEARCH_USER_PATHS = NO;
				CLANG_ANALYZER_NONNULL = YES;
				CLANG_ANALYZER_NUMBER_OBJECT_CONVERSION = YES_AGGRESSIVE;
				CLANG_CXX_LANGUAGE_STANDARD = "gnu++20";
				CLANG_ENABLE_MODULES = YES;
				CLANG_ENABLE_OBJC_ARC = YES;
				CLANG_ENABLE_OBJC_WEAK = YES;
				CLANG_WARN_BLOCK_CAPTURE_AUTORELEASING = YES;
				CLANG_WARN_BOOL_CONVERSION = YES;
				CLANG_WARN_COMMA = YES;
				CLANG_WARN_CONSTANT_CONVERSION = YES;
				CLANG_WARN_DEPRECATED_OBJC_IMPLEMENTATIONS = YES;
				CLANG_WARN_DIRECT_OBJC_ISA_USAGE = YES_ERROR;
				CLANG_WARN_DOCUMENTATION_COMMENTS = YES;
				CLANG_WARN_EMPTY_BODY = YES;
				CLANG_WARN_ENUM_CONVERSION = YES;
				CLANG_WARN_INFINITE_RECURSION = YES;
				CLANG_WARN_INT_CONVERSION = YES;
				CLANG_WARN_NON_LITERAL_NULL_CONVERSION = YES;
				CLANG_WARN_OBJC_IMPLICIT_RETAIN_SELF = YES;
				CLANG_WARN_OBJC_LITERAL_CONVERSION = YES;
				CLANG_WARN_OBJC_ROOT_CLASS = YES_ERROR;
				CLANG_WARN_QUOTED_INCLUDE_IN_FRAMEWORK_HEADER = YES;
				CLANG_WARN_RANGE_LOOP_ANALYSIS = YES;
				CLANG_WARN_STRICT_PROTOTYPES = YES;
				CLANG_WARN_SUSPICIOUS_MOVE = YES;
				CLANG_WARN_UNGUARDED_AVAILABILITY = YES_AGGRESSIVE;
				CLANG_WARN_UNREACHABLE_CODE = YES;
				CLANG_WARN__DUPLICATE_METHOD_MATCH = YES;
				COPY_PHASE_STRIP = NO;
				DEBUG_INFORMATION_FORMAT = "dwarf-with-dsym";
				ENABLE_NS_ASSERTIONS = NO;
				ENABLE_STRICT_OBJC_MSGSEND = YES;
				GCC_C_LANGUAGE_STANDARD = gnu11;
				GCC_NO_COMMON_BLOCKS = YES;
				GCC_WARN_64_TO_32_BIT_CONVERSION = YES;
				GCC_WARN_ABOUT_RETURN_TYPE = YES_ERROR;
				GCC_WARN_UNDECLARED_SELECTOR = YES;
				GCC_WARN_UNINITIALIZED_AUTOS = YES_AGGRESSIVE;
				GCC_WARN_UNUSED_FUNCTION = YES;
				GCC_WARN_UNUSED_VARIABLE = YES;
				IPHONEOS_DEPLOYMENT_TARGET = 16.4;
				MTL_ENABLE_DEBUG_INFO = NO;
				MTL_FAST_MATH = YES;
				SDKROOT = iphoneos;
				SWIFT_COMPILATION_MODE = wholemodule;
				SWIFT_OPTIMIZATION_LEVEL = "-O";
				VALIDATE_PRODUCT = YES;
			};
			name = Release;
		};
		03C6AB6E2A23C1B200D28C26 /* Debug */ = {
			isa = XCBuildConfiguration;
			buildSettings = {
				ASSETCATALOG_COMPILER_APPICON_NAME = AppIcon;
				ASSETCATALOG_COMPILER_GLOBAL_ACCENT_COLOR_NAME = AccentColor;
				CODE_SIGN_STYLE = Automatic;
				CURRENT_PROJECT_VERSION = 1;
				DEVELOPMENT_ASSET_PATHS = "\"TodoList/Preview Content\"";
				DEVELOPMENT_TEAM = 62NRBAKMQ3;
				ENABLE_PREVIEWS = YES;
				GENERATE_INFOPLIST_FILE = YES;
				INFOPLIST_KEY_UIApplicationSceneManifest_Generation = YES;
				INFOPLIST_KEY_UIApplicationSupportsIndirectInputEvents = YES;
				INFOPLIST_KEY_UILaunchScreen_Generation = YES;
				INFOPLIST_KEY_UISupportedInterfaceOrientations_iPad = "UIInterfaceOrientationPortrait UIInterfaceOrientationPortraitUpsideDown UIInterfaceOrientationLandscapeLeft UIInterfaceOrientationLandscapeRight";
				INFOPLIST_KEY_UISupportedInterfaceOrientations_iPhone = "UIInterfaceOrientationPortrait UIInterfaceOrientationLandscapeLeft UIInterfaceOrientationLandscapeRight";
				LD_RUNPATH_SEARCH_PATHS = (
					"$(inherited)",
					"@executable_path/Frameworks",
				);
				MARKETING_VERSION = 1.0;
				PRODUCT_BUNDLE_IDENTIFIER = lucasOliveira.TodoList;
				PRODUCT_NAME = "$(TARGET_NAME)";
				SWIFT_EMIT_LOC_STRINGS = YES;
				SWIFT_VERSION = 5.0;
				TARGETED_DEVICE_FAMILY = "1,2";
			};
			name = Debug;
		};
		03C6AB6F2A23C1B200D28C26 /* Release */ = {
			isa = XCBuildConfiguration;
			buildSettings = {
				ASSETCATALOG_COMPILER_APPICON_NAME = AppIcon;
				ASSETCATALOG_COMPILER_GLOBAL_ACCENT_COLOR_NAME = AccentColor;
				CODE_SIGN_STYLE = Automatic;
				CURRENT_PROJECT_VERSION = 1;
				DEVELOPMENT_ASSET_PATHS = "\"TodoList/Preview Content\"";
				DEVELOPMENT_TEAM = 62NRBAKMQ3;
				ENABLE_PREVIEWS = YES;
				GENERATE_INFOPLIST_FILE = YES;
				INFOPLIST_KEY_UIApplicationSceneManifest_Generation = YES;
				INFOPLIST_KEY_UIApplicationSupportsIndirectInputEvents = YES;
				INFOPLIST_KEY_UILaunchScreen_Generation = YES;
				INFOPLIST_KEY_UISupportedInterfaceOrientations_iPad = "UIInterfaceOrientationPortrait UIInterfaceOrientationPortraitUpsideDown UIInterfaceOrientationLandscapeLeft UIInterfaceOrientationLandscapeRight";
				INFOPLIST_KEY_UISupportedInterfaceOrientations_iPhone = "UIInterfaceOrientationPortrait UIInterfaceOrientationLandscapeLeft UIInterfaceOrientationLandscapeRight";
				LD_RUNPATH_SEARCH_PATHS = (
					"$(inherited)",
					"@executable_path/Frameworks",
				);
				MARKETING_VERSION = 1.0;
				PRODUCT_BUNDLE_IDENTIFIER = lucasOliveira.TodoList;
				PRODUCT_NAME = "$(TARGET_NAME)";
				SWIFT_EMIT_LOC_STRINGS = YES;
				SWIFT_VERSION = 5.0;
				TARGETED_DEVICE_FAMILY = "1,2";
			};
			name = Release;
		};
		03C6AB712A23C1B200D28C26 /* Debug */ = {
			isa = XCBuildConfiguration;
			buildSettings = {
				ALWAYS_EMBED_SWIFT_STANDARD_LIBRARIES = YES;
				BUNDLE_LOADER = "$(TEST_HOST)";
				CODE_SIGN_STYLE = Automatic;
				CURRENT_PROJECT_VERSION = 1;
				DEVELOPMENT_TEAM = 62NRBAKMQ3;
				GENERATE_INFOPLIST_FILE = YES;
				IPHONEOS_DEPLOYMENT_TARGET = 16.4;
				MARKETING_VERSION = 1.0;
				PRODUCT_BUNDLE_IDENTIFIER = lucasOliveira.TodoListTests;
				PRODUCT_NAME = "$(TARGET_NAME)";
				SWIFT_EMIT_LOC_STRINGS = NO;
				SWIFT_VERSION = 5.0;
				TARGETED_DEVICE_FAMILY = "1,2";
				TEST_HOST = "$(BUILT_PRODUCTS_DIR)/TodoList.app/$(BUNDLE_EXECUTABLE_FOLDER_PATH)/TodoList";
			};
			name = Debug;
		};
		03C6AB722A23C1B200D28C26 /* Release */ = {
			isa = XCBuildConfiguration;
			buildSettings = {
				ALWAYS_EMBED_SWIFT_STANDARD_LIBRARIES = YES;
				BUNDLE_LOADER = "$(TEST_HOST)";
				CODE_SIGN_STYLE = Automatic;
				CURRENT_PROJECT_VERSION = 1;
				DEVELOPMENT_TEAM = 62NRBAKMQ3;
				GENERATE_INFOPLIST_FILE = YES;
				IPHONEOS_DEPLOYMENT_TARGET = 16.4;
				MARKETING_VERSION = 1.0;
				PRODUCT_BUNDLE_IDENTIFIER = lucasOliveira.TodoListTests;
				PRODUCT_NAME = "$(TARGET_NAME)";
				SWIFT_EMIT_LOC_STRINGS = NO;
				SWIFT_VERSION = 5.0;
				TARGETED_DEVICE_FAMILY = "1,2";
				TEST_HOST = "$(BUILT_PRODUCTS_DIR)/TodoList.app/$(BUNDLE_EXECUTABLE_FOLDER_PATH)/TodoList";
			};
			name = Release;
		};
		03C6AB742A23C1B200D28C26 /* Debug */ = {
			isa = XCBuildConfiguration;
			buildSettings = {
				ALWAYS_EMBED_SWIFT_STANDARD_LIBRARIES = YES;
				CODE_SIGN_STYLE = Automatic;
				CURRENT_PROJECT_VERSION = 1;
				DEVELOPMENT_TEAM = 62NRBAKMQ3;
				GENERATE_INFOPLIST_FILE = YES;
				MARKETING_VERSION = 1.0;
				PRODUCT_BUNDLE_IDENTIFIER = lucasOliveira.TodoListUITests;
				PRODUCT_NAME = "$(TARGET_NAME)";
				SWIFT_EMIT_LOC_STRINGS = NO;
				SWIFT_VERSION = 5.0;
				TARGETED_DEVICE_FAMILY = "1,2";
				TEST_TARGET_NAME = TodoList;
			};
			name = Debug;
		};
		03C6AB752A23C1B200D28C26 /* Release */ = {
			isa = XCBuildConfiguration;
			buildSettings = {
				ALWAYS_EMBED_SWIFT_STANDARD_LIBRARIES = YES;
				CODE_SIGN_STYLE = Automatic;
				CURRENT_PROJECT_VERSION = 1;
				DEVELOPMENT_TEAM = 62NRBAKMQ3;
				GENERATE_INFOPLIST_FILE = YES;
				MARKETING_VERSION = 1.0;
				PRODUCT_BUNDLE_IDENTIFIER = lucasOliveira.TodoListUITests;
				PRODUCT_NAME = "$(TARGET_NAME)";
				SWIFT_EMIT_LOC_STRINGS = NO;
				SWIFT_VERSION = 5.0;
				TARGETED_DEVICE_FAMILY = "1,2";
				TEST_TARGET_NAME = TodoList;
			};
			name = Release;
		};
/* End XCBuildConfiguration section */

/* Begin XCConfigurationList section */
		03C6AB3F2A23C1B100D28C26 /* Build configuration list for PBXProject "TodoList" */ = {
			isa = XCConfigurationList;
			buildConfigurations = (
				03C6AB6B2A23C1B200D28C26 /* Debug */,
				03C6AB6C2A23C1B200D28C26 /* Release */,
			);
			defaultConfigurationIsVisible = 0;
			defaultConfigurationName = Release;
		};
		03C6AB6D2A23C1B200D28C26 /* Build configuration list for PBXNativeTarget "TodoList" */ = {
			isa = XCConfigurationList;
			buildConfigurations = (
				03C6AB6E2A23C1B200D28C26 /* Debug */,
				03C6AB6F2A23C1B200D28C26 /* Release */,
			);
			defaultConfigurationIsVisible = 0;
			defaultConfigurationName = Release;
		};
		03C6AB702A23C1B200D28C26 /* Build configuration list for PBXNativeTarget "TodoListTests" */ = {
			isa = XCConfigurationList;
			buildConfigurations = (
				03C6AB712A23C1B200D28C26 /* Debug */,
				03C6AB722A23C1B200D28C26 /* Release */,
			);
			defaultConfigurationIsVisible = 0;
			defaultConfigurationName = Release;
		};
		03C6AB732A23C1B200D28C26 /* Build configuration list for PBXNativeTarget "TodoListUITests" */ = {
			isa = XCConfigurationList;
			buildConfigurations = (
				03C6AB742A23C1B200D28C26 /* Debug */,
				03C6AB752A23C1B200D28C26 /* Release */,
			);
			defaultConfigurationIsVisible = 0;
			defaultConfigurationName = Release;
		};
/* End XCConfigurationList section */

/* Begin XCVersionGroup section */
		03C6AB522A23C1B200D28C26 /* TodoList.xcdatamodeld */ = {
			isa = XCVersionGroup;
			children = (
				03C6AB532A23C1B200D28C26 /* TodoList.xcdatamodel */,
			);
			currentVersion = 03C6AB532A23C1B200D28C26 /* TodoList.xcdatamodel */;
			path = TodoList.xcdatamodeld;
			sourceTree = "<group>";
			versionGroupType = wrapper.xcdatamodel;
		};
/* End XCVersionGroup section */
	};
	rootObject = 03C6AB3C2A23C1B100D28C26 /* Project object */;
}
